// !$*UTF8*$!
{
	archiveVersion = 1;
	classes = {
	};
	objectVersion = 46;
	objects = {

/* Begin PBXBuildFile section */
		2294A1621E703586000B18A7 /* main.m in Sources */ = {isa = PBXBuildFile; fileRef = 2294A1611E703586000B18A7 /* main.m */; };
		2294A1651E703586000B18A7 /* AppDelegate.m in Sources */ = {isa = PBXBuildFile; fileRef = 2294A1641E703586000B18A7 /* AppDelegate.m */; };
		2294A16D1E703586000B18A7 /* Assets.xcassets in Resources */ = {isa = PBXBuildFile; fileRef = 2294A16C1E703586000B18A7 /* Assets.xcassets */; };
		2294A1701E703586000B18A7 /* LaunchScreen.storyboard in Resources */ = {isa = PBXBuildFile; fileRef = 2294A16E1E703586000B18A7 /* LaunchScreen.storyboard */; };
		2294A1881E703958000B18A7 /* TFHpple.m in Sources */ = {isa = PBXBuildFile; fileRef = 2294A1831E703958000B18A7 /* TFHpple.m */; };
		2294A1891E703958000B18A7 /* TFHppleElement.m in Sources */ = {isa = PBXBuildFile; fileRef = 2294A1851E703958000B18A7 /* TFHppleElement.m */; };
		2294A18A1E703958000B18A7 /* XPathQuery.m in Sources */ = {isa = PBXBuildFile; fileRef = 2294A1871E703958000B18A7 /* XPathQuery.m */; };
		2294A1901E7039A8000B18A7 /* libxml2.2.tbd in Frameworks */ = {isa = PBXBuildFile; fileRef = 2294A18F1E7039A8000B18A7 /* libxml2.2.tbd */; };
		2294A1931E703ABE000B18A7 /* MKHTMLParse.m in Sources */ = {isa = PBXBuildFile; fileRef = 2294A1921E703ABE000B18A7 /* MKHTMLParse.m */; };
		2294A1961E703B79000B18A7 /* MKNewsItem.m in Sources */ = {isa = PBXBuildFile; fileRef = 2294A1951E703B79000B18A7 /* MKNewsItem.m */; };
		2294A1991E703D02000B18A7 /* TableViewController.m in Sources */ = {isa = PBXBuildFile; fileRef = 2294A1981E703D02000B18A7 /* TableViewController.m */; };
		22F72CBC1E7535C90000261F /* DetailViewController.m in Sources */ = {isa = PBXBuildFile; fileRef = 22F72CBB1E7535C90000261F /* DetailViewController.m */; };
		22F72CBF1E7545440000261F /* MKDetailHTMLParse.m in Sources */ = {isa = PBXBuildFile; fileRef = 22F72CBE1E7545440000261F /* MKDetailHTMLParse.m */; };
/* End PBXBuildFile section */

/* Begin PBXFileReference section */
		2294A15D1E703586000B18A7 /* Example.app */ = {isa = PBXFileReference; explicitFileType = wrapper.application; includeInIndex = 0; path = Example.app; sourceTree = BUILT_PRODUCTS_DIR; };
		2294A1611E703586000B18A7 /* main.m */ = {isa = PBXFileReference; lastKnownFileType = sourcecode.c.objc; path = main.m; sourceTree = "<group>"; };
		2294A1631E703586000B18A7 /* AppDelegate.h */ = {isa = PBXFileReference; lastKnownFileType = sourcecode.c.h; path = AppDelegate.h; sourceTree = "<group>"; };
		2294A1641E703586000B18A7 /* AppDelegate.m */ = {isa = PBXFileReference; lastKnownFileType = sourcecode.c.objc; path = AppDelegate.m; sourceTree = "<group>"; };
		2294A16C1E703586000B18A7 /* Assets.xcassets */ = {isa = PBXFileReference; lastKnownFileType = folder.assetcatalog; path = Assets.xcassets; sourceTree = "<group>"; };
		2294A16F1E703586000B18A7 /* Base */ = {isa = PBXFileReference; lastKnownFileType = file.storyboard; name = Base; path = Base.lproj/LaunchScreen.storyboard; sourceTree = "<group>"; };
		2294A1711E703586000B18A7 /* Info.plist */ = {isa = PBXFileReference; lastKnownFileType = text.plist.xml; path = Info.plist; sourceTree = "<group>"; };
		2294A1821E703958000B18A7 /* TFHpple.h */ = {isa = PBXFileReference; fileEncoding = 4; lastKnownFileType = sourcecode.c.h; path = TFHpple.h; sourceTree = "<group>"; };
		2294A1831E703958000B18A7 /* TFHpple.m */ = {isa = PBXFileReference; fileEncoding = 4; lastKnownFileType = sourcecode.c.objc; path = TFHpple.m; sourceTree = "<group>"; };
		2294A1841E703958000B18A7 /* TFHppleElement.h */ = {isa = PBXFileReference; fileEncoding = 4; lastKnownFileType = sourcecode.c.h; path = TFHppleElement.h; sourceTree = "<group>"; };
		2294A1851E703958000B18A7 /* TFHppleElement.m */ = {isa = PBXFileReference; fileEncoding = 4; lastKnownFileType = sourcecode.c.objc; path = TFHppleElement.m; sourceTree = "<group>"; };
		2294A1861E703958000B18A7 /* XPathQuery.h */ = {isa = PBXFileReference; fileEncoding = 4; lastKnownFileType = sourcecode.c.h; path = XPathQuery.h; sourceTree = "<group>"; };
		2294A1871E703958000B18A7 /* XPathQuery.m */ = {isa = PBXFileReference; fileEncoding = 4; lastKnownFileType = sourcecode.c.objc; path = XPathQuery.m; sourceTree = "<group>"; };
		2294A18F1E7039A8000B18A7 /* libxml2.2.tbd */ = {isa = PBXFileReference; lastKnownFileType = "sourcecode.text-based-dylib-definition"; name = libxml2.2.tbd; path = usr/lib/libxml2.2.tbd; sourceTree = SDKROOT; };
		2294A1911E703ABE000B18A7 /* MKHTMLParse.h */ = {isa = PBXFileReference; fileEncoding = 4; lastKnownFileType = sourcecode.c.h; path = MKHTMLParse.h; sourceTree = "<group>"; };
		2294A1921E703ABE000B18A7 /* MKHTMLParse.m */ = {isa = PBXFileReference; fileEncoding = 4; lastKnownFileType = sourcecode.c.objc; path = MKHTMLParse.m; sourceTree = "<group>"; };
		2294A1941E703B79000B18A7 /* MKNewsItem.h */ = {isa = PBXFileReference; fileEncoding = 4; lastKnownFileType = sourcecode.c.h; path = MKNewsItem.h; sourceTree = "<group>"; };
		2294A1951E703B79000B18A7 /* MKNewsItem.m */ = {isa = PBXFileReference; fileEncoding = 4; lastKnownFileType = sourcecode.c.objc; path = MKNewsItem.m; sourceTree = "<group>"; };
		2294A1971E703D02000B18A7 /* TableViewController.h */ = {isa = PBXFileReference; fileEncoding = 4; lastKnownFileType = sourcecode.c.h; path = TableViewController.h; sourceTree = "<group>"; };
		2294A1981E703D02000B18A7 /* TableViewController.m */ = {isa = PBXFileReference; fileEncoding = 4; lastKnownFileType = sourcecode.c.objc; path = TableViewController.m; sourceTree = "<group>"; };
		22F72CBA1E7535C90000261F /* DetailViewController.h */ = {isa = PBXFileReference; fileEncoding = 4; lastKnownFileType = sourcecode.c.h; name = DetailViewController.h; path = Example/DetailViewController.h; sourceTree = SOURCE_ROOT; };
		22F72CBB1E7535C90000261F /* DetailViewController.m */ = {isa = PBXFileReference; fileEncoding = 4; lastKnownFileType = sourcecode.c.objc; name = DetailViewController.m; path = Example/DetailViewController.m; sourceTree = SOURCE_ROOT; };
		22F72CBD1E7545440000261F /* MKDetailHTMLParse.h */ = {isa = PBXFileReference; fileEncoding = 4; lastKnownFileType = sourcecode.c.h; path = MKDetailHTMLParse.h; sourceTree = "<group>"; };
		22F72CBE1E7545440000261F /* MKDetailHTMLParse.m */ = {isa = PBXFileReference; fileEncoding = 4; lastKnownFileType = sourcecode.c.objc; path = MKDetailHTMLParse.m; sourceTree = "<group>"; };
/* End PBXFileReference section */

/* Begin PBXFrameworksBuildPhase section */
		2294A15A1E703586000B18A7 /* Frameworks */ = {
			isa = PBXFrameworksBuildPhase;
			buildActionMask = 2147483647;
			files = (
				2294A1901E7039A8000B18A7 /* libxml2.2.tbd in Frameworks */,
			);
			runOnlyForDeploymentPostprocessing = 0;
		};
/* End PBXFrameworksBuildPhase section */

/* Begin PBXGroup section */
		2294A1541E703586000B18A7 = {
			isa = PBXGroup;
			children = (
				2294A15F1E703586000B18A7 /* Example */,
				2294A15E1E703586000B18A7 /* Products */,
				2294A18E1E7039A8000B18A7 /* Frameworks */,
			);
			sourceTree = "<group>";
		};
		2294A15E1E703586000B18A7 /* Products */ = {
			isa = PBXGroup;
			children = (
				2294A15D1E703586000B18A7 /* Example.app */,
			);
			name = Products;
			sourceTree = "<group>";
		};
		2294A15F1E703586000B18A7 /* Example */ = {
			isa = PBXGroup;
			children = (
				2294A1811E703958000B18A7 /* TFHpple */,
				2294A1631E703586000B18A7 /* AppDelegate.h */,
				2294A1641E703586000B18A7 /* AppDelegate.m */,
				2294A1971E703D02000B18A7 /* TableViewController.h */,
				2294A1981E703D02000B18A7 /* TableViewController.m */,
				22F72CBA1E7535C90000261F /* DetailViewController.h */,
				22F72CBB1E7535C90000261F /* DetailViewController.m */,
				2294A16C1E703586000B18A7 /* Assets.xcassets */,
				2294A16E1E703586000B18A7 /* LaunchScreen.storyboard */,
				2294A1711E703586000B18A7 /* Info.plist */,
				2294A1601E703586000B18A7 /* Supporting Files */,
				2294A1911E703ABE000B18A7 /* MKHTMLParse.h */,
				2294A1921E703ABE000B18A7 /* MKHTMLParse.m */,
				22F72CBD1E7545440000261F /* MKDetailHTMLParse.h */,
				22F72CBE1E7545440000261F /* MKDetailHTMLParse.m */,
				2294A1941E703B79000B18A7 /* MKNewsItem.h */,
				2294A1951E703B79000B18A7 /* MKNewsItem.m */,
			);
			path = Example;
			sourceTree = "<group>";
		};
		2294A1601E703586000B18A7 /* Supporting Files */ = {
			isa = PBXGroup;
			children = (
				2294A1611E703586000B18A7 /* main.m */,
			);
			name = "Supporting Files";
			sourceTree = "<group>";
		};
		2294A1811E703958000B18A7 /* TFHpple */ = {
			isa = PBXGroup;
			children = (
				2294A1821E703958000B18A7 /* TFHpple.h */,
				2294A1831E703958000B18A7 /* TFHpple.m */,
				2294A1841E703958000B18A7 /* TFHppleElement.h */,
				2294A1851E703958000B18A7 /* TFHppleElement.m */,
				2294A1861E703958000B18A7 /* XPathQuery.h */,
				2294A1871E703958000B18A7 /* XPathQuery.m */,
			);
			name = TFHpple;
			path = ../../TFHpple;
			sourceTree = "<group>";
		};
		2294A18E1E7039A8000B18A7 /* Frameworks */ = {
			isa = PBXGroup;
			children = (
				2294A18F1E7039A8000B18A7 /* libxml2.2.tbd */,
			);
			name = Frameworks;
			sourceTree = "<group>";
		};
/* End PBXGroup section */

/* Begin PBXNativeTarget section */
		2294A15C1E703586000B18A7 /* Example */ = {
			isa = PBXNativeTarget;
			buildConfigurationList = 2294A1741E703586000B18A7 /* Build configuration list for PBXNativeTarget "Example" */;
			buildPhases = (
				2294A1591E703586000B18A7 /* Sources */,
				2294A15A1E703586000B18A7 /* Frameworks */,
				2294A15B1E703586000B18A7 /* Resources */,
			);
			buildRules = (
			);
			dependencies = (
			);
			name = Example;
			productName = Example;
			productReference = 2294A15D1E703586000B18A7 /* Example.app */;
			productType = "com.apple.product-type.application";
		};
/* End PBXNativeTarget section */

/* Begin PBXProject section */
		2294A1551E703586000B18A7 /* Project object */ = {
			isa = PBXProject;
			attributes = {
				LastUpgradeCheck = 0820;
				ORGANIZATIONNAME = "Gaofei Ma";
				TargetAttributes = {
					2294A15C1E703586000B18A7 = {
						CreatedOnToolsVersion = 8.2.1;
						DevelopmentTeam = N5G28WF2Y2;
						ProvisioningStyle = Automatic;
					};
				};
			};
			buildConfigurationList = 2294A1581E703586000B18A7 /* Build configuration list for PBXProject "Example" */;
			compatibilityVersion = "Xcode 3.2";
			developmentRegion = English;
			hasScannedForEncodings = 0;
			knownRegions = (
				en,
				Base,
			);
			mainGroup = 2294A1541E703586000B18A7;
			productRefGroup = 2294A15E1E703586000B18A7 /* Products */;
			projectDirPath = "";
			projectRoot = "";
			targets = (
				2294A15C1E703586000B18A7 /* Example */,
			);
		};
/* End PBXProject section */

/* Begin PBXResourcesBuildPhase section */
		2294A15B1E703586000B18A7 /* Resources */ = {
			isa = PBXResourcesBuildPhase;
			buildActionMask = 2147483647;
			files = (
				2294A1701E703586000B18A7 /* LaunchScreen.storyboard in Resources */,
				2294A16D1E703586000B18A7 /* Assets.xcassets in Resources */,
			);
			runOnlyForDeploymentPostprocessing = 0;
		};
/* End PBXResourcesBuildPhase section */

/* Begin PBXSourcesBuildPhase section */
		2294A1591E703586000B18A7 /* Sources */ = {
			isa = PBXSourcesBuildPhase;
			buildActionMask = 2147483647;
			files = (
				2294A1931E703ABE000B18A7 /* MKHTMLParse.m in Sources */,
				2294A1651E703586000B18A7 /* AppDelegate.m in Sources */,
				22F72CBC1E7535C90000261F /* DetailViewController.m in Sources */,
				2294A1961E703B79000B18A7 /* MKNewsItem.m in Sources */,
				2294A1991E703D02000B18A7 /* TableViewController.m in Sources */,
				22F72CBF1E7545440000261F /* MKDetailHTMLParse.m in Sources */,
				2294A1621E703586000B18A7 /* main.m in Sources */,
				2294A1881E703958000B18A7 /* TFHpple.m in Sources */,
				2294A18A1E703958000B18A7 /* XPathQuery.m in Sources */,
				2294A1891E703958000B18A7 /* TFHppleElement.m in Sources */,
			);
			runOnlyForDeploymentPostprocessing = 0;
		};
/* End PBXSourcesBuildPhase section */

/* Begin PBXVariantGroup section */
		2294A16E1E703586000B18A7 /* LaunchScreen.storyboard */ = {
			isa = PBXVariantGroup;
			children = (
				2294A16F1E703586000B18A7 /* Base */,
			);
			name = LaunchScreen.storyboard;
			sourceTree = "<group>";
		};
/* End PBXVariantGroup section */

/* Begin XCBuildConfiguration section */
		2294A1721E703586000B18A7 /* Debug */ = {
			isa = XCBuildConfiguration;
			buildSettings = {
				ALWAYS_SEARCH_USER_PATHS = NO;
				CLANG_ANALYZER_NONNULL = YES;
				CLANG_CXX_LANGUAGE_STANDARD = "gnu++0x";
				CLANG_CXX_LIBRARY = "libc++";
				CLANG_ENABLE_MODULES = YES;
				CLANG_ENABLE_OBJC_ARC = YES;
				CLANG_WARN_BOOL_CONVERSION = YES;
				CLANG_WARN_CONSTANT_CONVERSION = YES;
				CLANG_WARN_DIRECT_OBJC_ISA_USAGE = YES_ERROR;
				CLANG_WARN_DOCUMENTATION_COMMENTS = YES;
				CLANG_WARN_EMPTY_BODY = YES;
				CLANG_WARN_ENUM_CONVERSION = YES;
				CLANG_WARN_INFINITE_RECURSION = YES;
				CLANG_WARN_INT_CONVERSION = YES;
				CLANG_WARN_OBJC_ROOT_CLASS = YES_ERROR;
				CLANG_WARN_SUSPICIOUS_MOVE = YES;
				CLANG_WARN_UNREACHABLE_CODE = YES;
				CLANG_WARN__DUPLICATE_METHOD_MATCH = YES;
				"CODE_SIGN_IDENTITY[sdk=iphoneos*]" = "iPhone Developer";
				COPY_PHASE_STRIP = NO;
				DEBUG_INFORMATION_FORMAT = dwarf;
				ENABLE_STRICT_OBJC_MSGSEND = YES;
				ENABLE_TESTABILITY = YES;
				GCC_C_LANGUAGE_STANDARD = gnu99;
				GCC_DYNAMIC_NO_PIC = NO;
				GCC_NO_COMMON_BLOCKS = YES;
				GCC_OPTIMIZATION_LEVEL = 0;
				GCC_PREPROCESSOR_DEFINITIONS = (
					"DEBUG=1",
					"$(inherited)",
				);
				GCC_WARN_64_TO_32_BIT_CONVERSION = YES;
				GCC_WARN_ABOUT_RETURN_TYPE = YES_ERROR;
				GCC_WARN_UNDECLARED_SELECTOR = YES;
				GCC_WARN_UNINITIALIZED_AUTOS = YES_AGGRESSIVE;
				GCC_WARN_UNUSED_FUNCTION = YES;
				GCC_WARN_UNUSED_VARIABLE = YES;
				IPHONEOS_DEPLOYMENT_TARGET = 10.2;
				MTL_ENABLE_DEBUG_INFO = YES;
				ONLY_ACTIVE_ARCH = YES;
				SDKROOT = iphoneos;
				TARGETED_DEVICE_FAMILY = "1,2";
			};
			name = Debug;
		};
		2294A1731E703586000B18A7 /* Release */ = {
			isa = XCBuildConfiguration;
			buildSettings = {
				ALWAYS_SEARCH_USER_PATHS = NO;
				CLANG_ANALYZER_NONNULL = YES;
				CLANG_CXX_LANGUAGE_STANDARD = "gnu++0x";
				CLANG_CXX_LIBRARY = "libc++";
				CLANG_ENABLE_MODULES = YES;
				CLANG_ENABLE_OBJC_ARC = YES;
				CLANG_WARN_BOOL_CONVERSION = YES;
				CLANG_WARN_CONSTANT_CONVERSION = YES;
				CLANG_WARN_DIRECT_OBJC_ISA_USAGE = YES_ERROR;
				CLANG_WARN_DOCUMENTATION_COMMENTS = YES;
				CLANG_WARN_EMPTY_BODY = YES;
				CLANG_WARN_ENUM_CONVERSION = YES;
				CLANG_WARN_INFINITE_RECURSION = YES;
				CLANG_WARN_INT_CONVERSION = YES;
				CLANG_WARN_OBJC_ROOT_CLASS = YES_ERROR;
				CLANG_WARN_SUSPICIOUS_MOVE = YES;
				CLANG_WARN_UNREACHABLE_CODE = YES;
				CLANG_WARN__DUPLICATE_METHOD_MATCH = YES;
				"CODE_SIGN_IDENTITY[sdk=iphoneos*]" = "iPhone Developer";
				COPY_PHASE_STRIP = NO;
				DEBUG_INFORMATION_FORMAT = "dwarf-with-dsym";
				ENABLE_NS_ASSERTIONS = NO;
				ENABLE_STRICT_OBJC_MSGSEND = YES;
				GCC_C_LANGUAGE_STANDARD = gnu99;
				GCC_NO_COMMON_BLOCKS = YES;
				GCC_WARN_64_TO_32_BIT_CONVERSION = YES;
				GCC_WARN_ABOUT_RETURN_TYPE = YES_ERROR;
				GCC_WARN_UNDECLARED_SELECTOR = YES;
				GCC_WARN_UNINITIALIZED_AUTOS = YES_AGGRESSIVE;
				GCC_WARN_UNUSED_FUNCTION = YES;
				GCC_WARN_UNUSED_VARIABLE = YES;
				IPHONEOS_DEPLOYMENT_TARGET = 10.2;
				MTL_ENABLE_DEBUG_INFO = NO;
				SDKROOT = iphoneos;
				TARGETED_DEVICE_FAMILY = "1,2";
				VALIDATE_PRODUCT = YES;
			};
			name = Release;
		};
		2294A1751E703586000B18A7 /* Debug */ = {
			isa = XCBuildConfiguration;
			buildSettings = {
				ASSETCATALOG_COMPILER_APPICON_NAME = AppIcon;
				DEVELOPMENT_TEAM = N5G28WF2Y2;
				HEADER_SEARCH_PATHS = /usr/include/libxml2;
				INFOPLIST_FILE = Example/Info.plist;
				IPHONEOS_DEPLOYMENT_TARGET = 8.0;
				LD_RUNPATH_SEARCH_PATHS = "$(inherited) @executable_path/Frameworks";
				PRODUCT_BUNDLE_IDENTIFIER = com.magaofei.Example;
				PRODUCT_NAME = "$(TARGET_NAME)";
			};
			name = Debug;
		};
		2294A1761E703586000B18A7 /* Release */ = {
			isa = XCBuildConfiguration;
			buildSettings = {
				ASSETCATALOG_COMPILER_APPICON_NAME = AppIcon;
				DEVELOPMENT_TEAM = N5G28WF2Y2;
				HEADER_SEARCH_PATHS = /usr/include/libxml2;
				INFOPLIST_FILE = Example/Info.plist;
				IPHONEOS_DEPLOYMENT_TARGET = 8.0;
				LD_RUNPATH_SEARCH_PATHS = "$(inherited) @executable_path/Frameworks";
				PRODUCT_BUNDLE_IDENTIFIER = com.magaofei.Example;
				PRODUCT_NAME = "$(TARGET_NAME)";
			};
			name = Release;
		};
/* End XCBuildConfiguration section */

/* Begin XCConfigurationList section */
		2294A1581E703586000B18A7 /* Build configuration list for PBXProject "Example" */ = {
			isa = XCConfigurationList;
			buildConfigurations = (
				2294A1721E703586000B18A7 /* Debug */,
				2294A1731E703586000B18A7 /* Release */,
			);
			defaultConfigurationIsVisible = 0;
			defaultConfigurationName = Release;
		};
		2294A1741E703586000B18A7 /* Build configuration list for PBXNativeTarget "Example" */ = {
			isa = XCConfigurationList;
			buildConfigurations = (
				2294A1751E703586000B18A7 /* Debug */,
				2294A1761E703586000B18A7 /* Release */,
			);
			defaultConfigurationIsVisible = 0;
			defaultConfigurationName = Release;
		};
/* End XCConfigurationList section */
	};
	rootObject = 2294A1551E703586000B18A7 /* Project object */;
}
